
Microsoft Visual Studio Solution File, Format Version 12.00
# Visual Studio Version 16
VisualStudioVersion = 16.0.31205.134
MinimumVisualStudioVersion = 10.0.40219.1
Project("{FAE04EC0-301F-11D3-BF4B-00C04F79EFBC}") = "PagarmeTalks.Api", "PagarmeTalks.Api\PagarmeTalks.Api.csproj", "{F541C571-82E8-415A-82D3-5698BEEC786D}"
EndProject
Global
	GlobalSection(SolutionConfigurationPlatforms) = preSolution
		Debug|Any CPU = Debug|Any CPU
		Release|Any CPU = Release|Any CPU
	EndGlobalSection
	GlobalSection(ProjectConfigurationPlatforms) = postSolution
		{F541C571-82E8-415A-82D3-5698BEEC786D}.Debug|Any CPU.ActiveCfg = Debug|Any CPU
		{F541C571-82E8-415A-82D3-5698BEEC786D}.Debug|Any CPU.Build.0 = Debug|Any CPU
		{F541C571-82E8-415A-82D3-5698BEEC786D}.Release|Any CPU.ActiveCfg = Release|Any CPU
		{F541C571-82E8-415A-82D3-5698BEEC786D}.Release|Any CPU.Build.0 = Release|Any CPU
	EndGlobalSection
	GlobalSection(SolutionProperties) = preSolution
		HideSolutionNode = FALSE
	EndGlobalSection
	GlobalSection(ExtensibilityGlobals) = postSolution
		SolutionGuid = {AB9D447B-DCD7-4772-87B3-E88BB3231672}
	EndGlobalSection
EndGlobal
